
Microsoft Visual Studio Solution File, Format Version 12.00
# Visual Studio Version 16
VisualStudioVersion = 16.0.31019.35
MinimumVisualStudioVersion = 10.0.40219.1
Project("{FAE04EC0-301F-11D3-BF4B-00C04F79EFBC}") = "ProjectZeus", "ProjectZeus.csproj", "{0578A4C7-8179-49DC-9642-9887382871CD}"
EndProject
Global
	GlobalSection(SolutionConfigurationPlatforms) = preSolution
		Debug|Any CPU = Debug|Any CPU
		Release|Any CPU = Release|Any CPU
	EndGlobalSection
	GlobalSection(ProjectConfigurationPlatforms) = postSolution
		{0578A4C7-8179-49DC-9642-9887382871CD}.Debug|Any CPU.ActiveCfg = Debug|Any CPU
		{0578A4C7-8179-49DC-9642-9887382871CD}.Debug|Any CPU.Build.0 = Debug|Any CPU
		{0578A4C7-8179-49DC-9642-9887382871CD}.Release|Any CPU.ActiveCfg = Release|Any CPU
		{0578A4C7-8179-49DC-9642-9887382871CD}.Release|Any CPU.Build.0 = Release|Any CPU
	EndGlobalSection
	GlobalSection(SolutionProperties) = preSolution
		HideSolutionNode = FALSE
	EndGlobalSection
	GlobalSection(ExtensibilityGlobals) = postSolution
		SolutionGuid = {2C8BDAAE-B296-47D4-B65F-75944A62891D}
	EndGlobalSection
EndGlobal
